// !$*UTF8*$!
{
	archiveVersion = 1;
	classes = {
	};
	objectVersion = 56;
	objects = {

/* Begin PBXBuildFile section */
		E99CFC5B2A9BF92800D198AB /* AppDelegate.swift in Sources */ = {isa = PBXBuildFile; fileRef = E99CFC5A2A9BF92800D198AB /* AppDelegate.swift */; };
		E99CFC5D2A9BF92800D198AB /* SceneDelegate.swift in Sources */ = {isa = PBXBuildFile; fileRef = E99CFC5C2A9BF92800D198AB /* SceneDelegate.swift */; };
		E99CFC5F2A9BF92800D198AB /* ViewController.swift in Sources */ = {isa = PBXBuildFile; fileRef = E99CFC5E2A9BF92800D198AB /* ViewController.swift */; };
		E99CFC642A9BF92900D198AB /* Assets.xcassets in Resources */ = {isa = PBXBuildFile; fileRef = E99CFC632A9BF92900D198AB /* Assets.xcassets */; };
		E99CFC672A9BF92900D198AB /* LaunchScreen.storyboard in Resources */ = {isa = PBXBuildFile; fileRef = E99CFC652A9BF92900D198AB /* LaunchScreen.storyboard */; };
		E99CFC6F2A9BFAD600D198AB /* ContentView.swift in Sources */ = {isa = PBXBuildFile; fileRef = E99CFC6E2A9BFAD600D198AB /* ContentView.swift */; };
		E99CFC722A9BFB2B00D198AB /* Coordinator.swift in Sources */ = {isa = PBXBuildFile; fileRef = E99CFC712A9BFB2B00D198AB /* Coordinator.swift */; };
		E99CFC742A9BFB5800D198AB /* ApplicationCoordinator.swift in Sources */ = {isa = PBXBuildFile; fileRef = E99CFC732A9BFB5800D198AB /* ApplicationCoordinator.swift */; };
		E99CFC782A9BFEBC00D198AB /* OnboardingCoordinator.swift in Sources */ = {isa = PBXBuildFile; fileRef = E99CFC772A9BFEBC00D198AB /* OnboardingCoordinator.swift */; };
		E99CFC7A2A9BFEE400D198AB /* OnboardingView.swift in Sources */ = {isa = PBXBuildFile; fileRef = E99CFC792A9BFEE400D198AB /* OnboardingView.swift */; };
/* End PBXBuildFile section */

/* Begin PBXFileReference section */
		E99CFC572A9BF92800D198AB /* CoordinatorUIKit.app */ = {isa = PBXFileReference; explicitFileType = wrapper.application; includeInIndex = 0; path = CoordinatorUIKit.app; sourceTree = BUILT_PRODUCTS_DIR; };
		E99CFC5A2A9BF92800D198AB /* AppDelegate.swift */ = {isa = PBXFileReference; lastKnownFileType = sourcecode.swift; path = AppDelegate.swift; sourceTree = "<group>"; };
		E99CFC5C2A9BF92800D198AB /* SceneDelegate.swift */ = {isa = PBXFileReference; lastKnownFileType = sourcecode.swift; path = SceneDelegate.swift; sourceTree = "<group>"; };
		E99CFC5E2A9BF92800D198AB /* ViewController.swift */ = {isa = PBXFileReference; lastKnownFileType = sourcecode.swift; path = ViewController.swift; sourceTree = "<group>"; };
		E99CFC632A9BF92900D198AB /* Assets.xcassets */ = {isa = PBXFileReference; lastKnownFileType = folder.assetcatalog; path = Assets.xcassets; sourceTree = "<group>"; };
		E99CFC662A9BF92900D198AB /* Base */ = {isa = PBXFileReference; lastKnownFileType = file.storyboard; name = Base; path = Base.lproj/LaunchScreen.storyboard; sourceTree = "<group>"; };
		E99CFC682A9BF92900D198AB /* Info.plist */ = {isa = PBXFileReference; lastKnownFileType = text.plist.xml; path = Info.plist; sourceTree = "<group>"; };
		E99CFC6E2A9BFAD600D198AB /* ContentView.swift */ = {isa = PBXFileReference; lastKnownFileType = sourcecode.swift; path = ContentView.swift; sourceTree = "<group>"; };
		E99CFC712A9BFB2B00D198AB /* Coordinator.swift */ = {isa = PBXFileReference; lastKnownFileType = sourcecode.swift; path = Coordinator.swift; sourceTree = "<group>"; };
		E99CFC732A9BFB5800D198AB /* ApplicationCoordinator.swift */ = {isa = PBXFileReference; lastKnownFileType = sourcecode.swift; path = ApplicationCoordinator.swift; sourceTree = "<group>"; };
		E99CFC772A9BFEBC00D198AB /* OnboardingCoordinator.swift */ = {isa = PBXFileReference; lastKnownFileType = sourcecode.swift; path = OnboardingCoordinator.swift; sourceTree = "<group>"; };
		E99CFC792A9BFEE400D198AB /* OnboardingView.swift */ = {isa = PBXFileReference; lastKnownFileType = sourcecode.swift; path = OnboardingView.swift; sourceTree = "<group>"; };
/* End PBXFileReference section */

/* Begin PBXFrameworksBuildPhase section */
		E99CFC542A9BF92800D198AB /* Frameworks */ = {
			isa = PBXFrameworksBuildPhase;
			buildActionMask = 2147483647;
			files = (
			);
			runOnlyForDeploymentPostprocessing = 0;
		};
/* End PBXFrameworksBuildPhase section */

/* Begin PBXGroup section */
		E99CFC4E2A9BF92800D198AB = {
			isa = PBXGroup;
			children = (
				E99CFC592A9BF92800D198AB /* CoordinatorUIKit */,
				E99CFC582A9BF92800D198AB /* Products */,
			);
			sourceTree = "<group>";
		};
		E99CFC582A9BF92800D198AB /* Products */ = {
			isa = PBXGroup;
			children = (
				E99CFC572A9BF92800D198AB /* CoordinatorUIKit.app */,
			);
			name = Products;
			sourceTree = "<group>";
		};
		E99CFC592A9BF92800D198AB /* CoordinatorUIKit */ = {
			isa = PBXGroup;
			children = (
				E99CFC732A9BFB5800D198AB /* ApplicationCoordinator.swift */,
				E99CFC762A9BFEA700D198AB /* Main */,
				E99CFC752A9BFE9D00D198AB /* Onboarding */,
				E99CFC6E2A9BFAD600D198AB /* ContentView.swift */,
				E99CFC702A9BFB1F00D198AB /* Protocols */,
				E99CFC5A2A9BF92800D198AB /* AppDelegate.swift */,
				E99CFC5C2A9BF92800D198AB /* SceneDelegate.swift */,
				E99CFC5E2A9BF92800D198AB /* ViewController.swift */,
				E99CFC632A9BF92900D198AB /* Assets.xcassets */,
				E99CFC652A9BF92900D198AB /* LaunchScreen.storyboard */,
				E99CFC682A9BF92900D198AB /* Info.plist */,
			);
			path = CoordinatorUIKit;
			sourceTree = "<group>";
		};
		E99CFC702A9BFB1F00D198AB /* Protocols */ = {
			isa = PBXGroup;
			children = (
				E99CFC712A9BFB2B00D198AB /* Coordinator.swift */,
			);
			path = Protocols;
			sourceTree = "<group>";
		};
		E99CFC752A9BFE9D00D198AB /* Onboarding */ = {
			isa = PBXGroup;
			children = (
				E99CFC772A9BFEBC00D198AB /* OnboardingCoordinator.swift */,
				E99CFC792A9BFEE400D198AB /* OnboardingView.swift */,
			);
			path = Onboarding;
			sourceTree = "<group>";
		};
		E99CFC762A9BFEA700D198AB /* Main */ = {
			isa = PBXGroup;
			children = (
			);
			path = Main;
			sourceTree = "<group>";
		};
/* End PBXGroup section */

/* Begin PBXNativeTarget section */
		E99CFC562A9BF92800D198AB /* CoordinatorUIKit */ = {
			isa = PBXNativeTarget;
			buildConfigurationList = E99CFC6B2A9BF92900D198AB /* Build configuration list for PBXNativeTarget "CoordinatorUIKit" */;
			buildPhases = (
				E99CFC532A9BF92800D198AB /* Sources */,
				E99CFC542A9BF92800D198AB /* Frameworks */,
				E99CFC552A9BF92800D198AB /* Resources */,
			);
			buildRules = (
			);
			dependencies = (
			);
			name = CoordinatorUIKit;
			productName = CoordinatorUIKit;
			productReference = E99CFC572A9BF92800D198AB /* CoordinatorUIKit.app */;
			productType = "com.apple.product-type.application";
		};
/* End PBXNativeTarget section */

/* Begin PBXProject section */
		E99CFC4F2A9BF92800D198AB /* Project object */ = {
			isa = PBXProject;
			attributes = {
				BuildIndependentTargetsInParallel = 1;
				LastSwiftUpdateCheck = 1430;
				LastUpgradeCheck = 1430;
				TargetAttributes = {
					E99CFC562A9BF92800D198AB = {
						CreatedOnToolsVersion = 14.3;
					};
				};
			};
			buildConfigurationList = E99CFC522A9BF92800D198AB /* Build configuration list for PBXProject "CoordinatorUIKit" */;
			compatibilityVersion = "Xcode 14.0";
			developmentRegion = en;
			hasScannedForEncodings = 0;
			knownRegions = (
				en,
				Base,
			);
			mainGroup = E99CFC4E2A9BF92800D198AB;
			productRefGroup = E99CFC582A9BF92800D198AB /* Products */;
			projectDirPath = "";
			projectRoot = "";
			targets = (
				E99CFC562A9BF92800D198AB /* CoordinatorUIKit */,
			);
		};
/* End PBXProject section */

/* Begin PBXResourcesBuildPhase section */
		E99CFC552A9BF92800D198AB /* Resources */ = {
			isa = PBXResourcesBuildPhase;
			buildActionMask = 2147483647;
			files = (
				E99CFC672A9BF92900D198AB /* LaunchScreen.storyboard in Resources */,
				E99CFC642A9BF92900D198AB /* Assets.xcassets in Resources */,
			);
			runOnlyForDeploymentPostprocessing = 0;
		};
/* End PBXResourcesBuildPhase section */

/* Begin PBXSourcesBuildPhase section */
		E99CFC532A9BF92800D198AB /* Sources */ = {
			isa = PBXSourcesBuildPhase;
			buildActionMask = 2147483647;
			files = (
				E99CFC5F2A9BF92800D198AB /* ViewController.swift in Sources */,
				E99CFC5B2A9BF92800D198AB /* AppDelegate.swift in Sources */,
				E99CFC722A9BFB2B00D198AB /* Coordinator.swift in Sources */,
				E99CFC782A9BFEBC00D198AB /* OnboardingCoordinator.swift in Sources */,
				E99CFC6F2A9BFAD600D198AB /* ContentView.swift in Sources */,
				E99CFC7A2A9BFEE400D198AB /* OnboardingView.swift in Sources */,
				E99CFC5D2A9BF92800D198AB /* SceneDelegate.swift in Sources */,
				E99CFC742A9BFB5800D198AB /* ApplicationCoordinator.swift in Sources */,
			);
			runOnlyForDeploymentPostprocessing = 0;
		};
/* End PBXSourcesBuildPhase section */

/* Begin PBXVariantGroup section */
		E99CFC652A9BF92900D198AB /* LaunchScreen.storyboard */ = {
			isa = PBXVariantGroup;
			children = (
				E99CFC662A9BF92900D198AB /* Base */,
			);
			name = LaunchScreen.storyboard;
			sourceTree = "<group>";
		};
/* End PBXVariantGroup section */

/* Begin XCBuildConfiguration section */
		E99CFC692A9BF92900D198AB /* Debug */ = {
			isa = XCBuildConfiguration;
			buildSettings = {
				ALWAYS_SEARCH_USER_PATHS = NO;
				CLANG_ANALYZER_NONNULL = YES;
				CLANG_ANALYZER_NUMBER_OBJECT_CONVERSION = YES_AGGRESSIVE;
				CLANG_CXX_LANGUAGE_STANDARD = "gnu++20";
				CLANG_ENABLE_MODULES = YES;
				CLANG_ENABLE_OBJC_ARC = YES;
				CLANG_ENABLE_OBJC_WEAK = YES;
				CLANG_WARN_BLOCK_CAPTURE_AUTORELEASING = YES;
				CLANG_WARN_BOOL_CONVERSION = YES;
				CLANG_WARN_COMMA = YES;
				CLANG_WARN_CONSTANT_CONVERSION = YES;
				CLANG_WARN_DEPRECATED_OBJC_IMPLEMENTATIONS = YES;
				CLANG_WARN_DIRECT_OBJC_ISA_USAGE = YES_ERROR;
				CLANG_WARN_DOCUMENTATION_COMMENTS = YES;
				CLANG_WARN_EMPTY_BODY = YES;
				CLANG_WARN_ENUM_CONVERSION = YES;
				CLANG_WARN_INFINITE_RECURSION = YES;
				CLANG_WARN_INT_CONVERSION = YES;
				CLANG_WARN_NON_LITERAL_NULL_CONVERSION = YES;
				CLANG_WARN_OBJC_IMPLICIT_RETAIN_SELF = YES;
				CLANG_WARN_OBJC_LITERAL_CONVERSION = YES;
				CLANG_WARN_OBJC_ROOT_CLASS = YES_ERROR;
				CLANG_WARN_QUOTED_INCLUDE_IN_FRAMEWORK_HEADER = YES;
				CLANG_WARN_RANGE_LOOP_ANALYSIS = YES;
				CLANG_WARN_STRICT_PROTOTYPES = YES;
				CLANG_WARN_SUSPICIOUS_MOVE = YES;
				CLANG_WARN_UNGUARDED_AVAILABILITY = YES_AGGRESSIVE;
				CLANG_WARN_UNREACHABLE_CODE = YES;
				CLANG_WARN__DUPLICATE_METHOD_MATCH = YES;
				COPY_PHASE_STRIP = NO;
				DEBUG_INFORMATION_FORMAT = dwarf;
				ENABLE_STRICT_OBJC_MSGSEND = YES;
				ENABLE_TESTABILITY = YES;
				GCC_C_LANGUAGE_STANDARD = gnu11;
				GCC_DYNAMIC_NO_PIC = NO;
				GCC_NO_COMMON_BLOCKS = YES;
				GCC_OPTIMIZATION_LEVEL = 0;
				GCC_PREPROCESSOR_DEFINITIONS = (
					"DEBUG=1",
					"$(inherited)",
				);
				GCC_WARN_64_TO_32_BIT_CONVERSION = YES;
				GCC_WARN_ABOUT_RETURN_TYPE = YES_ERROR;
				GCC_WARN_UNDECLARED_SELECTOR = YES;
				GCC_WARN_UNINITIALIZED_AUTOS = YES_AGGRESSIVE;
				GCC_WARN_UNUSED_FUNCTION = YES;
				GCC_WARN_UNUSED_VARIABLE = YES;
				IPHONEOS_DEPLOYMENT_TARGET = 16.4;
				MTL_ENABLE_DEBUG_INFO = INCLUDE_SOURCE;
				MTL_FAST_MATH = YES;
				ONLY_ACTIVE_ARCH = YES;
				SDKROOT = iphoneos;
				SWIFT_ACTIVE_COMPILATION_CONDITIONS = DEBUG;
				SWIFT_OPTIMIZATION_LEVEL = "-Onone";
			};
			name = Debug;
		};
		E99CFC6A2A9BF92900D198AB /* Release */ = {
			isa = XCBuildConfiguration;
			buildSettings = {
				ALWAYS_SEARCH_USER_PATHS = NO;
				CLANG_ANALYZER_NONNULL = YES;
				CLANG_ANALYZER_NUMBER_OBJECT_CONVERSION = YES_AGGRESSIVE;
				CLANG_CXX_LANGUAGE_STANDARD = "gnu++20";
				CLANG_ENABLE_MODULES = YES;
				CLANG_ENABLE_OBJC_ARC = YES;
				CLANG_ENABLE_OBJC_WEAK = YES;
				CLANG_WARN_BLOCK_CAPTURE_AUTORELEASING = YES;
				CLANG_WARN_BOOL_CONVERSION = YES;
				CLANG_WARN_COMMA = YES;
				CLANG_WARN_CONSTANT_CONVERSION = YES;
				CLANG_WARN_DEPRECATED_OBJC_IMPLEMENTATIONS = YES;
				CLANG_WARN_DIRECT_OBJC_ISA_USAGE = YES_ERROR;
				CLANG_WARN_DOCUMENTATION_COMMENTS = YES;
				CLANG_WARN_EMPTY_BODY = YES;
				CLANG_WARN_ENUM_CONVERSION = YES;
				CLANG_WARN_INFINITE_RECURSION = YES;
				CLANG_WARN_INT_CONVERSION = YES;
				CLANG_WARN_NON_LITERAL_NULL_CONVERSION = YES;
				CLANG_WARN_OBJC_IMPLICIT_RETAIN_SELF = YES;
				CLANG_WARN_OBJC_LITERAL_CONVERSION = YES;
				CLANG_WARN_OBJC_ROOT_CLASS = YES_ERROR;
				CLANG_WARN_QUOTED_INCLUDE_IN_FRAMEWORK_HEADER = YES;
				CLANG_WARN_RANGE_LOOP_ANALYSIS = YES;
				CLANG_WARN_STRICT_PROTOTYPES = YES;
				CLANG_WARN_SUSPICIOUS_MOVE = YES;
				CLANG_WARN_UNGUARDED_AVAILABILITY = YES_AGGRESSIVE;
				CLANG_WARN_UNREACHABLE_CODE = YES;
				CLANG_WARN__DUPLICATE_METHOD_MATCH = YES;
				COPY_PHASE_STRIP = NO;
				DEBUG_INFORMATION_FORMAT = "dwarf-with-dsym";
				ENABLE_NS_ASSERTIONS = NO;
				ENABLE_STRICT_OBJC_MSGSEND = YES;
				GCC_C_LANGUAGE_STANDARD = gnu11;
				GCC_NO_COMMON_BLOCKS = YES;
				GCC_WARN_64_TO_32_BIT_CONVERSION = YES;
				GCC_WARN_ABOUT_RETURN_TYPE = YES_ERROR;
				GCC_WARN_UNDECLARED_SELECTOR = YES;
				GCC_WARN_UNINITIALIZED_AUTOS = YES_AGGRESSIVE;
				GCC_WARN_UNUSED_FUNCTION = YES;
				GCC_WARN_UNUSED_VARIABLE = YES;
				IPHONEOS_DEPLOYMENT_TARGET = 16.4;
				MTL_ENABLE_DEBUG_INFO = NO;
				MTL_FAST_MATH = YES;
				SDKROOT = iphoneos;
				SWIFT_COMPILATION_MODE = wholemodule;
				SWIFT_OPTIMIZATION_LEVEL = "-O";
				VALIDATE_PRODUCT = YES;
			};
			name = Release;
		};
		E99CFC6C2A9BF92900D198AB /* Debug */ = {
			isa = XCBuildConfiguration;
			buildSettings = {
				ASSETCATALOG_COMPILER_APPICON_NAME = AppIcon;
				ASSETCATALOG_COMPILER_GLOBAL_ACCENT_COLOR_NAME = AccentColor;
				CODE_SIGN_STYLE = Automatic;
				CURRENT_PROJECT_VERSION = 1;
				DEVELOPMENT_TEAM = 5S88AY6J4R;
				GENERATE_INFOPLIST_FILE = YES;
				INFOPLIST_FILE = CoordinatorUIKit/Info.plist;
				INFOPLIST_KEY_UIApplicationSupportsIndirectInputEvents = YES;
				INFOPLIST_KEY_UILaunchStoryboardName = LaunchScreen;
				INFOPLIST_KEY_UISupportedInterfaceOrientations_iPad = "UIInterfaceOrientationPortrait UIInterfaceOrientationPortraitUpsideDown UIInterfaceOrientationLandscapeLeft UIInterfaceOrientationLandscapeRight";
				INFOPLIST_KEY_UISupportedInterfaceOrientations_iPhone = "UIInterfaceOrientationPortrait UIInterfaceOrientationLandscapeLeft UIInterfaceOrientationLandscapeRight";
				LD_RUNPATH_SEARCH_PATHS = (
					"$(inherited)",
					"@executable_path/Frameworks",
				);
				MARKETING_VERSION = 1.0;
				PRODUCT_BUNDLE_IDENTIFIER = br.ufpe.cin.academy.tmc4.CoordinatorUIKit;
				PRODUCT_NAME = "$(TARGET_NAME)";
				SWIFT_EMIT_LOC_STRINGS = YES;
				SWIFT_VERSION = 5.0;
				TARGETED_DEVICE_FAMILY = "1,2";
			};
			name = Debug;
		};
		E99CFC6D2A9BF92900D198AB /* Release */ = {
			isa = XCBuildConfiguration;
			buildSettings = {
				ASSETCATALOG_COMPILER_APPICON_NAME = AppIcon;
				ASSETCATALOG_COMPILER_GLOBAL_ACCENT_COLOR_NAME = AccentColor;
				CODE_SIGN_STYLE = Automatic;
				CURRENT_PROJECT_VERSION = 1;
				DEVELOPMENT_TEAM = 5S88AY6J4R;
				GENERATE_INFOPLIST_FILE = YES;
				INFOPLIST_FILE = CoordinatorUIKit/Info.plist;
				INFOPLIST_KEY_UIApplicationSupportsIndirectInputEvents = YES;
				INFOPLIST_KEY_UILaunchStoryboardName = LaunchScreen;
				INFOPLIST_KEY_UISupportedInterfaceOrientations_iPad = "UIInterfaceOrientationPortrait UIInterfaceOrientationPortraitUpsideDown UIInterfaceOrientationLandscapeLeft UIInterfaceOrientationLandscapeRight";
				INFOPLIST_KEY_UISupportedInterfaceOrientations_iPhone = "UIInterfaceOrientationPortrait UIInterfaceOrientationLandscapeLeft UIInterfaceOrientationLandscapeRight";
				LD_RUNPATH_SEARCH_PATHS = (
					"$(inherited)",
					"@executable_path/Frameworks",
				);
				MARKETING_VERSION = 1.0;
				PRODUCT_BUNDLE_IDENTIFIER = br.ufpe.cin.academy.tmc4.CoordinatorUIKit;
				PRODUCT_NAME = "$(TARGET_NAME)";
				SWIFT_EMIT_LOC_STRINGS = YES;
				SWIFT_VERSION = 5.0;
				TARGETED_DEVICE_FAMILY = "1,2";
			};
			name = Release;
		};
/* End XCBuildConfiguration section */

/* Begin XCConfigurationList section */
		E99CFC522A9BF92800D198AB /* Build configuration list for PBXProject "CoordinatorUIKit" */ = {
			isa = XCConfigurationList;
			buildConfigurations = (
				E99CFC692A9BF92900D198AB /* Debug */,
				E99CFC6A2A9BF92900D198AB /* Release */,
			);
			defaultConfigurationIsVisible = 0;
			defaultConfigurationName = Release;
		};
		E99CFC6B2A9BF92900D198AB /* Build configuration list for PBXNativeTarget "CoordinatorUIKit" */ = {
			isa = XCConfigurationList;
			buildConfigurations = (
				E99CFC6C2A9BF92900D198AB /* Debug */,
				E99CFC6D2A9BF92900D198AB /* Release */,
			);
			defaultConfigurationIsVisible = 0;
			defaultConfigurationName = Release;
		};
/* End XCConfigurationList section */
	};
	rootObject = E99CFC4F2A9BF92800D198AB /* Project object */;
}
